
Microsoft Visual Studio Solution File, Format Version 12.00
# Visual Studio 15
VisualStudioVersion = 15.0.27004.2009
MinimumVisualStudioVersion = 10.0.40219.1
Project("{FAE04EC0-301F-11D3-BF4B-00C04F79EFBC}") = "Patterns", "Patterns.csproj", "{3DEA8C12-0A89-404D-8C6F-75FB259DC2FD}"
EndProject
Project("{FAE04EC0-301F-11D3-BF4B-00C04F79EFBC}") = "PatternsTests", "..\PatternsTests\PatternsTests.csproj", "{45493BDC-5D0D-4F3A-A7EE-0FF60541D204}"
EndProject
Project("{2150E333-8FDC-42A3-9474-1A3956D46DE8}") = "Documentation", "Documentation", "{2453D59C-1B7E-48BD-A87C-929AD89F7192}"
	ProjectSection(SolutionItems) = preProject
		..\README.md = ..\README.md
	EndProjectSection
EndProject
Global
	GlobalSection(SolutionConfigurationPlatforms) = preSolution
		Debug|Any CPU = Debug|Any CPU
		Release|Any CPU = Release|Any CPU
	EndGlobalSection
	GlobalSection(ProjectConfigurationPlatforms) = postSolution
		{3DEA8C12-0A89-404D-8C6F-75FB259DC2FD}.Debug|Any CPU.ActiveCfg = Debug|Any CPU
		{3DEA8C12-0A89-404D-8C6F-75FB259DC2FD}.Debug|Any CPU.Build.0 = Debug|Any CPU
		{3DEA8C12-0A89-404D-8C6F-75FB259DC2FD}.Release|Any CPU.ActiveCfg = Release|Any CPU
		{3DEA8C12-0A89-404D-8C6F-75FB259DC2FD}.Release|Any CPU.Build.0 = Release|Any CPU
		{45493BDC-5D0D-4F3A-A7EE-0FF60541D204}.Debug|Any CPU.ActiveCfg = Debug|Any CPU
		{45493BDC-5D0D-4F3A-A7EE-0FF60541D204}.Debug|Any CPU.Build.0 = Debug|Any CPU
		{45493BDC-5D0D-4F3A-A7EE-0FF60541D204}.Release|Any CPU.ActiveCfg = Release|Any CPU
		{45493BDC-5D0D-4F3A-A7EE-0FF60541D204}.Release|Any CPU.Build.0 = Release|Any CPU
	EndGlobalSection
	GlobalSection(SolutionProperties) = preSolution
		HideSolutionNode = FALSE
	EndGlobalSection
	GlobalSection(ExtensibilityGlobals) = postSolution
		SolutionGuid = {CDEF3389-CDCA-454B-A10B-DD7D4D27C0FB}
	EndGlobalSection
EndGlobal
